
Microsoft Visual Studio Solution File, Format Version 12.00
# Visual Studio Version 17
VisualStudioVersion = 17.5.2.0
MinimumVisualStudioVersion = 10.0.40219.1
Project("{FAE04EC0-301F-11D3-BF4B-00C04F79EFBC}") = "LibraryAPI", "LibraryAPI.csproj", "{D8702C00-4C6C-DB2F-1210-F7577BDB4928}"
EndProject
Project("{FAE04EC0-301F-11D3-BF4B-00C04F79EFBC}") = "LibraryAPI.Tests", "LibraryAPI.Tests\LibraryAPI.Tests.csproj", "{3498B8B3-EAC9-4A28-8BA9-350BBF2A9135}"
EndProject
Global
	GlobalSection(SolutionConfigurationPlatforms) = preSolution
		Debug|Any CPU = Debug|Any CPU
		Debug|x64 = Debug|x64
		Debug|x86 = Debug|x86
		Release|Any CPU = Release|Any CPU
		Release|x64 = Release|x64
		Release|x86 = Release|x86
	EndGlobalSection
	GlobalSection(ProjectConfigurationPlatforms) = postSolution
		{D8702C00-4C6C-DB2F-1210-F7577BDB4928}.Debug|Any CPU.ActiveCfg = Debug|Any CPU
		{D8702C00-4C6C-DB2F-1210-F7577BDB4928}.Debug|Any CPU.Build.0 = Debug|Any CPU
		{D8702C00-4C6C-DB2F-1210-F7577BDB4928}.Debug|x64.ActiveCfg = Debug|Any CPU
		{D8702C00-4C6C-DB2F-1210-F7577BDB4928}.Debug|x64.Build.0 = Debug|Any CPU
		{D8702C00-4C6C-DB2F-1210-F7577BDB4928}.Debug|x86.ActiveCfg = Debug|Any CPU
		{D8702C00-4C6C-DB2F-1210-F7577BDB4928}.Debug|x86.Build.0 = Debug|Any CPU
		{D8702C00-4C6C-DB2F-1210-F7577BDB4928}.Release|Any CPU.ActiveCfg = Release|Any CPU
		{D8702C00-4C6C-DB2F-1210-F7577BDB4928}.Release|Any CPU.Build.0 = Release|Any CPU
		{D8702C00-4C6C-DB2F-1210-F7577BDB4928}.Release|x64.ActiveCfg = Release|Any CPU
		{D8702C00-4C6C-DB2F-1210-F7577BDB4928}.Release|x64.Build.0 = Release|Any CPU
		{D8702C00-4C6C-DB2F-1210-F7577BDB4928}.Release|x86.ActiveCfg = Release|Any CPU
		{D8702C00-4C6C-DB2F-1210-F7577BDB4928}.Release|x86.Build.0 = Release|Any CPU
		{3498B8B3-EAC9-4A28-8BA9-350BBF2A9135}.Debug|Any CPU.ActiveCfg = Debug|Any CPU
		{3498B8B3-EAC9-4A28-8BA9-350BBF2A9135}.Debug|Any CPU.Build.0 = Debug|Any CPU
		{3498B8B3-EAC9-4A28-8BA9-350BBF2A9135}.Debug|x64.ActiveCfg = Debug|Any CPU
		{3498B8B3-EAC9-4A28-8BA9-350BBF2A9135}.Debug|x64.Build.0 = Debug|Any CPU
		{3498B8B3-EAC9-4A28-8BA9-350BBF2A9135}.Debug|x86.ActiveCfg = Debug|Any CPU
		{3498B8B3-EAC9-4A28-8BA9-350BBF2A9135}.Debug|x86.Build.0 = Debug|Any CPU
		{3498B8B3-EAC9-4A28-8BA9-350BBF2A9135}.Release|Any CPU.ActiveCfg = Release|Any CPU
		{3498B8B3-EAC9-4A28-8BA9-350BBF2A9135}.Release|Any CPU.Build.0 = Release|Any CPU
		{3498B8B3-EAC9-4A28-8BA9-350BBF2A9135}.Release|x64.ActiveCfg = Release|Any CPU
		{3498B8B3-EAC9-4A28-8BA9-350BBF2A9135}.Release|x64.Build.0 = Release|Any CPU
		{3498B8B3-EAC9-4A28-8BA9-350BBF2A9135}.Release|x86.ActiveCfg = Release|Any CPU
		{3498B8B3-EAC9-4A28-8BA9-350BBF2A9135}.Release|x86.Build.0 = Release|Any CPU
	EndGlobalSection
	GlobalSection(SolutionProperties) = preSolution
		HideSolutionNode = FALSE
	EndGlobalSection
	GlobalSection(ExtensibilityGlobals) = postSolution
		SolutionGuid = {F70A3B1F-217A-4587-AA6A-20E5894368DC}
	EndGlobalSection
EndGlobal
